
Microsoft Visual Studio Solution File, Format Version 12.00
# Visual Studio Version 17
VisualStudioVersion = 17.10.35122.118
MinimumVisualStudioVersion = 10.0.40219.1
Project("{FAE04EC0-301F-11D3-BF4B-00C04F79EFBC}") = "MyMovie.API", "MyMovie.API\MyMovie.API.csproj", "{3F69F19A-B044-4C0D-A3C0-1BE7CA2DE82C}"
EndProject
Project("{FAE04EC0-301F-11D3-BF4B-00C04F79EFBC}") = "MyMovie.Domain", "MyMovie.Domain\MyMovie.Domain.csproj", "{1C7AF421-0243-4831-937B-6F3A40EAE4D9}"
EndProject
Project("{FAE04EC0-301F-11D3-BF4B-00C04F79EFBC}") = "MyMovie.Application", "MyMovie.Application\MyMovie.Application.csproj", "{91EA9B4D-ACD2-4F85-A4E1-9D8136C71764}"
EndProject
Project("{FAE04EC0-301F-11D3-BF4B-00C04F79EFBC}") = "MyMovie.Infrastructure", "MyMovie.Infrastructure\MyMovie.Infrastructure.csproj", "{8959C2AD-87D9-45BC-A2F9-676A9E8D0864}"
EndProject
Project("{FAE04EC0-301F-11D3-BF4B-00C04F79EFBC}") = "MyMovie.SharedKernel", "MyMovie.SharedKernel\MyMovie.SharedKernel.csproj", "{393745DE-0470-4C13-8D42-46776224AF2A}"
EndProject
Global
	GlobalSection(SolutionConfigurationPlatforms) = preSolution
		Debug|Any CPU = Debug|Any CPU
		Release|Any CPU = Release|Any CPU
	EndGlobalSection
	GlobalSection(ProjectConfigurationPlatforms) = postSolution
		{3F69F19A-B044-4C0D-A3C0-1BE7CA2DE82C}.Debug|Any CPU.ActiveCfg = Debug|Any CPU
		{3F69F19A-B044-4C0D-A3C0-1BE7CA2DE82C}.Debug|Any CPU.Build.0 = Debug|Any CPU
		{3F69F19A-B044-4C0D-A3C0-1BE7CA2DE82C}.Release|Any CPU.ActiveCfg = Release|Any CPU
		{3F69F19A-B044-4C0D-A3C0-1BE7CA2DE82C}.Release|Any CPU.Build.0 = Release|Any CPU
		{1C7AF421-0243-4831-937B-6F3A40EAE4D9}.Debug|Any CPU.ActiveCfg = Debug|Any CPU
		{1C7AF421-0243-4831-937B-6F3A40EAE4D9}.Debug|Any CPU.Build.0 = Debug|Any CPU
		{1C7AF421-0243-4831-937B-6F3A40EAE4D9}.Release|Any CPU.ActiveCfg = Release|Any CPU
		{1C7AF421-0243-4831-937B-6F3A40EAE4D9}.Release|Any CPU.Build.0 = Release|Any CPU
		{91EA9B4D-ACD2-4F85-A4E1-9D8136C71764}.Debug|Any CPU.ActiveCfg = Debug|Any CPU
		{91EA9B4D-ACD2-4F85-A4E1-9D8136C71764}.Debug|Any CPU.Build.0 = Debug|Any CPU
		{91EA9B4D-ACD2-4F85-A4E1-9D8136C71764}.Release|Any CPU.ActiveCfg = Release|Any CPU
		{91EA9B4D-ACD2-4F85-A4E1-9D8136C71764}.Release|Any CPU.Build.0 = Release|Any CPU
		{8959C2AD-87D9-45BC-A2F9-676A9E8D0864}.Debug|Any CPU.ActiveCfg = Debug|Any CPU
		{8959C2AD-87D9-45BC-A2F9-676A9E8D0864}.Debug|Any CPU.Build.0 = Debug|Any CPU
		{8959C2AD-87D9-45BC-A2F9-676A9E8D0864}.Release|Any CPU.ActiveCfg = Release|Any CPU
		{8959C2AD-87D9-45BC-A2F9-676A9E8D0864}.Release|Any CPU.Build.0 = Release|Any CPU
		{393745DE-0470-4C13-8D42-46776224AF2A}.Debug|Any CPU.ActiveCfg = Debug|Any CPU
		{393745DE-0470-4C13-8D42-46776224AF2A}.Debug|Any CPU.Build.0 = Debug|Any CPU
		{393745DE-0470-4C13-8D42-46776224AF2A}.Release|Any CPU.ActiveCfg = Release|Any CPU
		{393745DE-0470-4C13-8D42-46776224AF2A}.Release|Any CPU.Build.0 = Release|Any CPU
	EndGlobalSection
	GlobalSection(SolutionProperties) = preSolution
		HideSolutionNode = FALSE
	EndGlobalSection
	GlobalSection(ExtensibilityGlobals) = postSolution
		SolutionGuid = {46A58085-B21F-424B-BD52-B5F1F2ABF643}
	EndGlobalSection
EndGlobal
